
Microsoft Visual Studio Solution File, Format Version 12.00
# Visual Studio Version 17
VisualStudioVersion = 17.9.34902.65
MinimumVisualStudioVersion = 10.0.40219.1
Project("{FAE04EC0-301F-11D3-BF4B-00C04F79EFBC}") = "WillsCoffeShop", "WillsCoffeShop\WillsCoffeShop.csproj", "{34C3A862-0532-45E4-A477-A302D6DD2052}"
EndProject
Global
	GlobalSection(SolutionConfigurationPlatforms) = preSolution
		Debug|Any CPU = Debug|Any CPU
		Release|Any CPU = Release|Any CPU
	EndGlobalSection
	GlobalSection(ProjectConfigurationPlatforms) = postSolution
		{34C3A862-0532-45E4-A477-A302D6DD2052}.Debug|Any CPU.ActiveCfg = Debug|Any CPU
		{34C3A862-0532-45E4-A477-A302D6DD2052}.Debug|Any CPU.Build.0 = Debug|Any CPU
		{34C3A862-0532-45E4-A477-A302D6DD2052}.Release|Any CPU.ActiveCfg = Release|Any CPU
		{34C3A862-0532-45E4-A477-A302D6DD2052}.Release|Any CPU.Build.0 = Release|Any CPU
	EndGlobalSection
	GlobalSection(SolutionProperties) = preSolution
		HideSolutionNode = FALSE
	EndGlobalSection
	GlobalSection(ExtensibilityGlobals) = postSolution
		SolutionGuid = {9F72805D-068B-44D4-AAE7-B25BE4160DF5}
	EndGlobalSection
EndGlobal
